
Microsoft Visual Studio Solution File, Format Version 12.00
# Visual Studio 2012
Project("{888888A0-9F3D-457C-B088-3A5042F75D52}") = "testPython", "testPython\testPython.pyproj", "{ED760BBF-B98A-4C7C-AA05-B3B8F8E4ADDA}"
EndProject
Global
	GlobalSection(SolutionConfigurationPlatforms) = preSolution
		Debug|Any CPU = Debug|Any CPU
		Release|Any CPU = Release|Any CPU
	EndGlobalSection
	GlobalSection(ProjectConfigurationPlatforms) = postSolution
		{ED760BBF-B98A-4C7C-AA05-B3B8F8E4ADDA}.Debug|Any CPU.ActiveCfg = Debug|Any CPU
		{ED760BBF-B98A-4C7C-AA05-B3B8F8E4ADDA}.Debug|Any CPU.Build.0 = Debug|Any CPU
		{ED760BBF-B98A-4C7C-AA05-B3B8F8E4ADDA}.Release|Any CPU.ActiveCfg = Release|Any CPU
		{ED760BBF-B98A-4C7C-AA05-B3B8F8E4ADDA}.Release|Any CPU.Build.0 = Release|Any CPU
	EndGlobalSection
	GlobalSection(SolutionProperties) = preSolution
		HideSolutionNode = FALSE
	EndGlobalSection
EndGlobal
